
Microsoft Visual Studio Solution File, Format Version 12.00
# Visual Studio Version 16
VisualStudioVersion = 16.0.29025.244
MinimumVisualStudioVersion = 10.0.40219.1
Project("{FAE04EC0-301F-11D3-BF4B-00C04F79EFBC}") = "WebScrapingKit", "WebScrapingKit\WebScrapingKit.csproj", "{1381844E-BEF4-4C68-9755-7D4B250DDD1C}"
EndProject
Project("{FAE04EC0-301F-11D3-BF4B-00C04F79EFBC}") = "SampleApp", "SampleApp\SampleApp.csproj", "{A9F41D44-0974-42AA-BC88-BEFBB59EC35A}"
EndProject
Project("{FAE04EC0-301F-11D3-BF4B-00C04F79EFBC}") = "WebScrapingKitTest", "WebScrapingKitTest\WebScrapingKitTest.csproj", "{EB88BCB8-99C5-4D72-8767-D91C7B8593C2}"
EndProject
Global
	GlobalSection(SolutionConfigurationPlatforms) = preSolution
		Debug|Any CPU = Debug|Any CPU
		Debug|x64 = Debug|x64
		Debug|x86 = Debug|x86
		Release|Any CPU = Release|Any CPU
		Release|x64 = Release|x64
		Release|x86 = Release|x86
	EndGlobalSection
	GlobalSection(ProjectConfigurationPlatforms) = postSolution
		{1381844E-BEF4-4C68-9755-7D4B250DDD1C}.Debug|Any CPU.ActiveCfg = Debug|Any CPU
		{1381844E-BEF4-4C68-9755-7D4B250DDD1C}.Debug|Any CPU.Build.0 = Debug|Any CPU
		{1381844E-BEF4-4C68-9755-7D4B250DDD1C}.Debug|x64.ActiveCfg = Debug|Any CPU
		{1381844E-BEF4-4C68-9755-7D4B250DDD1C}.Debug|x64.Build.0 = Debug|Any CPU
		{1381844E-BEF4-4C68-9755-7D4B250DDD1C}.Debug|x86.ActiveCfg = Debug|Any CPU
		{1381844E-BEF4-4C68-9755-7D4B250DDD1C}.Debug|x86.Build.0 = Debug|Any CPU
		{1381844E-BEF4-4C68-9755-7D4B250DDD1C}.Release|Any CPU.ActiveCfg = Release|Any CPU
		{1381844E-BEF4-4C68-9755-7D4B250DDD1C}.Release|Any CPU.Build.0 = Release|Any CPU
		{1381844E-BEF4-4C68-9755-7D4B250DDD1C}.Release|x64.ActiveCfg = Release|Any CPU
		{1381844E-BEF4-4C68-9755-7D4B250DDD1C}.Release|x64.Build.0 = Release|Any CPU
		{1381844E-BEF4-4C68-9755-7D4B250DDD1C}.Release|x86.ActiveCfg = Release|Any CPU
		{1381844E-BEF4-4C68-9755-7D4B250DDD1C}.Release|x86.Build.0 = Release|Any CPU
		{A9F41D44-0974-42AA-BC88-BEFBB59EC35A}.Debug|Any CPU.ActiveCfg = Debug|Any CPU
		{A9F41D44-0974-42AA-BC88-BEFBB59EC35A}.Debug|Any CPU.Build.0 = Debug|Any CPU
		{A9F41D44-0974-42AA-BC88-BEFBB59EC35A}.Debug|x64.ActiveCfg = Debug|Any CPU
		{A9F41D44-0974-42AA-BC88-BEFBB59EC35A}.Debug|x64.Build.0 = Debug|Any CPU
		{A9F41D44-0974-42AA-BC88-BEFBB59EC35A}.Debug|x86.ActiveCfg = Debug|Any CPU
		{A9F41D44-0974-42AA-BC88-BEFBB59EC35A}.Debug|x86.Build.0 = Debug|Any CPU
		{A9F41D44-0974-42AA-BC88-BEFBB59EC35A}.Release|Any CPU.ActiveCfg = Release|Any CPU
		{A9F41D44-0974-42AA-BC88-BEFBB59EC35A}.Release|Any CPU.Build.0 = Release|Any CPU
		{A9F41D44-0974-42AA-BC88-BEFBB59EC35A}.Release|x64.ActiveCfg = Release|Any CPU
		{A9F41D44-0974-42AA-BC88-BEFBB59EC35A}.Release|x64.Build.0 = Release|Any CPU
		{A9F41D44-0974-42AA-BC88-BEFBB59EC35A}.Release|x86.ActiveCfg = Release|Any CPU
		{A9F41D44-0974-42AA-BC88-BEFBB59EC35A}.Release|x86.Build.0 = Release|Any CPU
		{EB88BCB8-99C5-4D72-8767-D91C7B8593C2}.Debug|Any CPU.ActiveCfg = Debug|Any CPU
		{EB88BCB8-99C5-4D72-8767-D91C7B8593C2}.Debug|Any CPU.Build.0 = Debug|Any CPU
		{EB88BCB8-99C5-4D72-8767-D91C7B8593C2}.Debug|x64.ActiveCfg = Debug|Any CPU
		{EB88BCB8-99C5-4D72-8767-D91C7B8593C2}.Debug|x64.Build.0 = Debug|Any CPU
		{EB88BCB8-99C5-4D72-8767-D91C7B8593C2}.Debug|x86.ActiveCfg = Debug|Any CPU
		{EB88BCB8-99C5-4D72-8767-D91C7B8593C2}.Debug|x86.Build.0 = Debug|Any CPU
		{EB88BCB8-99C5-4D72-8767-D91C7B8593C2}.Release|Any CPU.ActiveCfg = Release|Any CPU
		{EB88BCB8-99C5-4D72-8767-D91C7B8593C2}.Release|Any CPU.Build.0 = Release|Any CPU
		{EB88BCB8-99C5-4D72-8767-D91C7B8593C2}.Release|x64.ActiveCfg = Release|Any CPU
		{EB88BCB8-99C5-4D72-8767-D91C7B8593C2}.Release|x64.Build.0 = Release|Any CPU
		{EB88BCB8-99C5-4D72-8767-D91C7B8593C2}.Release|x86.ActiveCfg = Release|Any CPU
		{EB88BCB8-99C5-4D72-8767-D91C7B8593C2}.Release|x86.Build.0 = Release|Any CPU
	EndGlobalSection
	GlobalSection(SolutionProperties) = preSolution
		HideSolutionNode = FALSE
	EndGlobalSection
	GlobalSection(ExtensibilityGlobals) = postSolution
		SolutionGuid = {5DFCDF00-473C-406A-872D-663CF6A250B5}
	EndGlobalSection
EndGlobal
